
Microsoft Visual Studio Solution File, Format Version 12.00
# Visual Studio Version 17
VisualStudioVersion = 17.14.36301.6 d17.14
MinimumVisualStudioVersion = 10.0.40219.1
Project("{2150E333-8FDC-42A3-9474-1A3956D46DE8}") = "App", "App", "{02EA681E-C7D8-13C7-8484-4AC65E1B71E8}"
EndProject
Project("{2150E333-8FDC-42A3-9474-1A3956D46DE8}") = "FontEnd", "FontEnd", "{9418B41B-CEE2-4929-8778-DD5F63F776A8}"
EndProject
Project("{FAE04EC0-301F-11D3-BF4B-00C04F79EFBC}") = "fontend.app.web", "fontend.app.web\fontend.app.web.csproj", "{0ADA9337-5484-4B00-83EC-E309F34A4274}"
EndProject
Project("{2150E333-8FDC-42A3-9474-1A3956D46DE8}") = "Lib", "Lib", "{E5C3FEC1-F520-44AA-BBFD-F59CFF4AD31F}"
EndProject
Project("{FAE04EC0-301F-11D3-BF4B-00C04F79EFBC}") = "backend.data", "backend.data\backend.data.csproj", "{B33C9C48-2E9E-41D2-99CF-4F61908B2E25}"
EndProject
Global
	GlobalSection(SolutionConfigurationPlatforms) = preSolution
		Debug|Any CPU = Debug|Any CPU
		Release|Any CPU = Release|Any CPU
	EndGlobalSection
	GlobalSection(ProjectConfigurationPlatforms) = postSolution
		{0ADA9337-5484-4B00-83EC-E309F34A4274}.Debug|Any CPU.ActiveCfg = Debug|Any CPU
		{0ADA9337-5484-4B00-83EC-E309F34A4274}.Debug|Any CPU.Build.0 = Debug|Any CPU
		{0ADA9337-5484-4B00-83EC-E309F34A4274}.Release|Any CPU.ActiveCfg = Release|Any CPU
		{0ADA9337-5484-4B00-83EC-E309F34A4274}.Release|Any CPU.Build.0 = Release|Any CPU
		{B33C9C48-2E9E-41D2-99CF-4F61908B2E25}.Debug|Any CPU.ActiveCfg = Debug|Any CPU
		{B33C9C48-2E9E-41D2-99CF-4F61908B2E25}.Debug|Any CPU.Build.0 = Debug|Any CPU
		{B33C9C48-2E9E-41D2-99CF-4F61908B2E25}.Release|Any CPU.ActiveCfg = Release|Any CPU
		{B33C9C48-2E9E-41D2-99CF-4F61908B2E25}.Release|Any CPU.Build.0 = Release|Any CPU
	EndGlobalSection
	GlobalSection(SolutionProperties) = preSolution
		HideSolutionNode = FALSE
	EndGlobalSection
	GlobalSection(NestedProjects) = preSolution
		{9418B41B-CEE2-4929-8778-DD5F63F776A8} = {02EA681E-C7D8-13C7-8484-4AC65E1B71E8}
		{0ADA9337-5484-4B00-83EC-E309F34A4274} = {9418B41B-CEE2-4929-8778-DD5F63F776A8}
		{E5C3FEC1-F520-44AA-BBFD-F59CFF4AD31F} = {02EA681E-C7D8-13C7-8484-4AC65E1B71E8}
		{B33C9C48-2E9E-41D2-99CF-4F61908B2E25} = {E5C3FEC1-F520-44AA-BBFD-F59CFF4AD31F}
	EndGlobalSection
	GlobalSection(ExtensibilityGlobals) = postSolution
		SolutionGuid = {AB22F898-48E6-4110-B40F-FFA9F8F82B37}
	EndGlobalSection
EndGlobal
